
Microsoft Visual Studio Solution File, Format Version 12.00
# Visual Studio 15
VisualStudioVersion = 15.0.27004.2002
MinimumVisualStudioVersion = 10.0.40219.1
Project("{FAE04EC0-301F-11D3-BF4B-00C04F79EFBC}") = "WindowsFormsApp1", "WindowsFormsApp1\WindowsFormsApp1.csproj", "{92F57B75-0A0F-4719-B9E9-31F5F0132DFC}"
EndProject
Global
	GlobalSection(SolutionConfigurationPlatforms) = preSolution
		Debug|Any CPU = Debug|Any CPU
		Release|Any CPU = Release|Any CPU
	EndGlobalSection
	GlobalSection(ProjectConfigurationPlatforms) = postSolution
		{92F57B75-0A0F-4719-B9E9-31F5F0132DFC}.Debug|Any CPU.ActiveCfg = Debug|Any CPU
		{92F57B75-0A0F-4719-B9E9-31F5F0132DFC}.Debug|Any CPU.Build.0 = Debug|Any CPU
		{92F57B75-0A0F-4719-B9E9-31F5F0132DFC}.Release|Any CPU.ActiveCfg = Release|Any CPU
		{92F57B75-0A0F-4719-B9E9-31F5F0132DFC}.Release|Any CPU.Build.0 = Release|Any CPU
	EndGlobalSection
	GlobalSection(SolutionProperties) = preSolution
		HideSolutionNode = FALSE
	EndGlobalSection
	GlobalSection(ExtensibilityGlobals) = postSolution
		SolutionGuid = {83A2EB84-CA35-4136-A333-B46ECB5F5EB7}
	EndGlobalSection
EndGlobal
